// !$*UTF8*$!
{
	archiveVersion = 1;
	classes = {
	};
	objectVersion = 50;
	objects = {

/* Begin PBXBuildFile section */
		CF20864721FA43EF007BECDC /* PianoEffectControl.swift in Sources */ = {isa = PBXBuildFile; fileRef = CF20864621FA43EF007BECDC /* PianoEffectControl.swift */; };
		CF20864921FA56EA007BECDC /* UIView+Layout.swift in Sources */ = {isa = PBXBuildFile; fileRef = CF20864821FA56EA007BECDC /* UIView+Layout.swift */; };
		CF4A051F21FA85EE000BB7DA /* PianoSliderView.swift in Sources */ = {isa = PBXBuildFile; fileRef = CF4A051E21FA85EE000BB7DA /* PianoSliderView.swift */; };
		CF4A052121FA86D3000BB7DA /* PianoEffectIndicatorsView.swift in Sources */ = {isa = PBXBuildFile; fileRef = CF4A052021FA86D3000BB7DA /* PianoEffectIndicatorsView.swift */; };
		DAF51E5321AE02E300C1AAEC /* AppDelegate.swift in Sources */ = {isa = PBXBuildFile; fileRef = DAF51E5221AE02E300C1AAEC /* AppDelegate.swift */; };
		DAF51E5821AE02E300C1AAEC /* Main.storyboard in Resources */ = {isa = PBXBuildFile; fileRef = DAF51E5621AE02E300C1AAEC /* Main.storyboard */; };
		DAF51E5A21AE02E400C1AAEC /* Assets.xcassets in Resources */ = {isa = PBXBuildFile; fileRef = DAF51E5921AE02E400C1AAEC /* Assets.xcassets */; };
		DAF51E5D21AE02E400C1AAEC /* LaunchScreen.storyboard in Resources */ = {isa = PBXBuildFile; fileRef = DAF51E5B21AE02E400C1AAEC /* LaunchScreen.storyboard */; };
		DAF51E6D21AE034800C1AAEC /* ViewController.swift in Sources */ = {isa = PBXBuildFile; fileRef = DAF51E6721AE034800C1AAEC /* ViewController.swift */; };
		DAF51E6F21AE034800C1AAEC /* PianoKeyView.swift in Sources */ = {isa = PBXBuildFile; fileRef = DAF51E6B21AE034800C1AAEC /* PianoKeyView.swift */; };
		DAF51E7021AE034800C1AAEC /* PianoView.swift in Sources */ = {isa = PBXBuildFile; fileRef = DAF51E6C21AE034800C1AAEC /* PianoView.swift */; };
		DAF51E7321AE054600C1AAEC /* UIColor+RGB.swift in Sources */ = {isa = PBXBuildFile; fileRef = DAF51E7221AE054600C1AAEC /* UIColor+RGB.swift */; };
		DAF51E7521AE08BD00C1AAEC /* Piano.sf2 in Resources */ = {isa = PBXBuildFile; fileRef = DAF51E7421AE08BD00C1AAEC /* Piano.sf2 */; };
		DAF51E7A21AE099500C1AAEC /* AVAudioSession+Swift.m in Sources */ = {isa = PBXBuildFile; fileRef = DAF51E7921AE099500C1AAEC /* AVAudioSession+Swift.m */; };
/* End PBXBuildFile section */

/* Begin PBXFileReference section */
		CF20864621FA43EF007BECDC /* PianoEffectControl.swift */ = {isa = PBXFileReference; lastKnownFileType = sourcecode.swift; path = PianoEffectControl.swift; sourceTree = "<group>"; };
		CF20864821FA56EA007BECDC /* UIView+Layout.swift */ = {isa = PBXFileReference; lastKnownFileType = sourcecode.swift; path = "UIView+Layout.swift"; sourceTree = "<group>"; };
		CF4A051E21FA85EE000BB7DA /* PianoSliderView.swift */ = {isa = PBXFileReference; lastKnownFileType = sourcecode.swift; path = PianoSliderView.swift; sourceTree = "<group>"; };
		CF4A052021FA86D3000BB7DA /* PianoEffectIndicatorsView.swift */ = {isa = PBXFileReference; lastKnownFileType = sourcecode.swift; path = PianoEffectIndicatorsView.swift; sourceTree = "<group>"; };
		DAF51E4F21AE02E300C1AAEC /* Piano.app */ = {isa = PBXFileReference; explicitFileType = wrapper.application; includeInIndex = 0; path = Piano.app; sourceTree = BUILT_PRODUCTS_DIR; };
		DAF51E5221AE02E300C1AAEC /* AppDelegate.swift */ = {isa = PBXFileReference; lastKnownFileType = sourcecode.swift; path = AppDelegate.swift; sourceTree = "<group>"; };
		DAF51E5721AE02E300C1AAEC /* Base */ = {isa = PBXFileReference; lastKnownFileType = file.storyboard; name = Base; path = Base.lproj/Main.storyboard; sourceTree = "<group>"; };
		DAF51E5921AE02E400C1AAEC /* Assets.xcassets */ = {isa = PBXFileReference; lastKnownFileType = folder.assetcatalog; path = Assets.xcassets; sourceTree = "<group>"; };
		DAF51E5C21AE02E400C1AAEC /* Base */ = {isa = PBXFileReference; lastKnownFileType = file.storyboard; name = Base; path = Base.lproj/LaunchScreen.storyboard; sourceTree = "<group>"; };
		DAF51E5E21AE02E400C1AAEC /* Info.plist */ = {isa = PBXFileReference; lastKnownFileType = text.plist.xml; path = Info.plist; sourceTree = "<group>"; };
		DAF51E6721AE034800C1AAEC /* ViewController.swift */ = {isa = PBXFileReference; fileEncoding = 4; lastKnownFileType = sourcecode.swift; path = ViewController.swift; sourceTree = "<group>"; };
		DAF51E6B21AE034800C1AAEC /* PianoKeyView.swift */ = {isa = PBXFileReference; fileEncoding = 4; lastKnownFileType = sourcecode.swift; path = PianoKeyView.swift; sourceTree = "<group>"; };
		DAF51E6C21AE034800C1AAEC /* PianoView.swift */ = {isa = PBXFileReference; fileEncoding = 4; lastKnownFileType = sourcecode.swift; path = PianoView.swift; sourceTree = "<group>"; };
		DAF51E7221AE054600C1AAEC /* UIColor+RGB.swift */ = {isa = PBXFileReference; lastKnownFileType = sourcecode.swift; path = "UIColor+RGB.swift"; sourceTree = "<group>"; };
		DAF51E7421AE08BD00C1AAEC /* Piano.sf2 */ = {isa = PBXFileReference; lastKnownFileType = file; path = Piano.sf2; sourceTree = "<group>"; };
		DAF51E7721AE099500C1AAEC /* Piano-Bridging-Header.h */ = {isa = PBXFileReference; lastKnownFileType = sourcecode.c.h; path = "Piano-Bridging-Header.h"; sourceTree = "<group>"; };
		DAF51E7821AE099500C1AAEC /* AVAudioSession+Swift.h */ = {isa = PBXFileReference; lastKnownFileType = sourcecode.c.h; path = "AVAudioSession+Swift.h"; sourceTree = "<group>"; };
		DAF51E7921AE099500C1AAEC /* AVAudioSession+Swift.m */ = {isa = PBXFileReference; lastKnownFileType = sourcecode.c.objc; path = "AVAudioSession+Swift.m"; sourceTree = "<group>"; };
/* End PBXFileReference section */

/* Begin PBXFrameworksBuildPhase section */
		DAF51E4C21AE02E300C1AAEC /* Frameworks */ = {
			isa = PBXFrameworksBuildPhase;
			buildActionMask = 2147483647;
			files = (
			);
			runOnlyForDeploymentPostprocessing = 0;
		};
/* End PBXFrameworksBuildPhase section */

/* Begin PBXGroup section */
		CF4A051D21FA85D9000BB7DA /* EffectControl */ = {
			isa = PBXGroup;
			children = (
				CF20864621FA43EF007BECDC /* PianoEffectControl.swift */,
				CF4A051E21FA85EE000BB7DA /* PianoSliderView.swift */,
				CF4A052021FA86D3000BB7DA /* PianoEffectIndicatorsView.swift */,
			);
			path = EffectControl;
			sourceTree = "<group>";
		};
		DAF51E4621AE02E300C1AAEC = {
			isa = PBXGroup;
			children = (
				DAF51E5121AE02E300C1AAEC /* Piano */,
				DAF51E5021AE02E300C1AAEC /* Products */,
			);
			sourceTree = "<group>";
		};
		DAF51E5021AE02E300C1AAEC /* Products */ = {
			isa = PBXGroup;
			children = (
				DAF51E4F21AE02E300C1AAEC /* Piano.app */,
			);
			name = Products;
			sourceTree = "<group>";
		};
		DAF51E5121AE02E300C1AAEC /* Piano */ = {
			isa = PBXGroup;
			children = (
				DAF51E6521AE02F700C1AAEC /* Resources */,
				DAF51E6421AE02EC00C1AAEC /* Sources */,
			);
			path = Piano;
			sourceTree = "<group>";
		};
		DAF51E6421AE02EC00C1AAEC /* Sources */ = {
			isa = PBXGroup;
			children = (
				DAF51E7721AE099500C1AAEC /* Piano-Bridging-Header.h */,
				DAF51E7121AE053500C1AAEC /* Extensions */,
				DAF51E6621AE034800C1AAEC /* Piano */,
				DAF51E5221AE02E300C1AAEC /* AppDelegate.swift */,
			);
			path = Sources;
			sourceTree = "<group>";
		};
		DAF51E6521AE02F700C1AAEC /* Resources */ = {
			isa = PBXGroup;
			children = (
				DAF51E7421AE08BD00C1AAEC /* Piano.sf2 */,
				DAF51E5621AE02E300C1AAEC /* Main.storyboard */,
				DAF51E5921AE02E400C1AAEC /* Assets.xcassets */,
				DAF51E5B21AE02E400C1AAEC /* LaunchScreen.storyboard */,
				DAF51E5E21AE02E400C1AAEC /* Info.plist */,
			);
			path = Resources;
			sourceTree = "<group>";
		};
		DAF51E6621AE034800C1AAEC /* Piano */ = {
			isa = PBXGroup;
			children = (
				DAF51E6721AE034800C1AAEC /* ViewController.swift */,
				DAF51E6A21AE034800C1AAEC /* Views */,
			);
			path = Piano;
			sourceTree = "<group>";
		};
		DAF51E6A21AE034800C1AAEC /* Views */ = {
			isa = PBXGroup;
			children = (
				CF4A051D21FA85D9000BB7DA /* EffectControl */,
				DAF51E6B21AE034800C1AAEC /* PianoKeyView.swift */,
				DAF51E6C21AE034800C1AAEC /* PianoView.swift */,
			);
			path = Views;
			sourceTree = "<group>";
		};
		DAF51E7121AE053500C1AAEC /* Extensions */ = {
			isa = PBXGroup;
			children = (
				DAF51E7221AE054600C1AAEC /* UIColor+RGB.swift */,
				DAF51E7821AE099500C1AAEC /* AVAudioSession+Swift.h */,
				DAF51E7921AE099500C1AAEC /* AVAudioSession+Swift.m */,
				CF20864821FA56EA007BECDC /* UIView+Layout.swift */,
			);
			path = Extensions;
			sourceTree = "<group>";
		};
/* End PBXGroup section */

/* Begin PBXNativeTarget section */
		DAF51E4E21AE02E300C1AAEC /* Piano */ = {
			isa = PBXNativeTarget;
			buildConfigurationList = DAF51E6121AE02E400C1AAEC /* Build configuration list for PBXNativeTarget "Piano" */;
			buildPhases = (
				DAF51E4B21AE02E300C1AAEC /* Sources */,
				DAF51E4C21AE02E300C1AAEC /* Frameworks */,
				DAF51E4D21AE02E300C1AAEC /* Resources */,
			);
			buildRules = (
			);
			dependencies = (
			);
			name = Piano;
			productName = Piano;
			productReference = DAF51E4F21AE02E300C1AAEC /* Piano.app */;
			productType = "com.apple.product-type.application";
		};
/* End PBXNativeTarget section */

/* Begin PBXProject section */
		DAF51E4721AE02E300C1AAEC /* Project object */ = {
			isa = PBXProject;
			attributes = {
				LastSwiftUpdateCheck = 1010;
				LastUpgradeCheck = 1010;
				ORGANIZATIONNAME = FINN;
				TargetAttributes = {
					DAF51E4E21AE02E300C1AAEC = {
						CreatedOnToolsVersion = 10.1;
						LastSwiftMigration = 1010;
					};
				};
			};
			buildConfigurationList = DAF51E4A21AE02E300C1AAEC /* Build configuration list for PBXProject "Piano" */;
			compatibilityVersion = "Xcode 9.3";
			developmentRegion = en;
			hasScannedForEncodings = 0;
			knownRegions = (
				en,
				Base,
			);
			mainGroup = DAF51E4621AE02E300C1AAEC;
			productRefGroup = DAF51E5021AE02E300C1AAEC /* Products */;
			projectDirPath = "";
			projectRoot = "";
			targets = (
				DAF51E4E21AE02E300C1AAEC /* Piano */,
			);
		};
/* End PBXProject section */

/* Begin PBXResourcesBuildPhase section */
		DAF51E4D21AE02E300C1AAEC /* Resources */ = {
			isa = PBXResourcesBuildPhase;
			buildActionMask = 2147483647;
			files = (
				DAF51E7521AE08BD00C1AAEC /* Piano.sf2 in Resources */,
				DAF51E5D21AE02E400C1AAEC /* LaunchScreen.storyboard in Resources */,
				DAF51E5A21AE02E400C1AAEC /* Assets.xcassets in Resources */,
				DAF51E5821AE02E300C1AAEC /* Main.storyboard in Resources */,
			);
			runOnlyForDeploymentPostprocessing = 0;
		};
/* End PBXResourcesBuildPhase section */

/* Begin PBXSourcesBuildPhase section */
		DAF51E4B21AE02E300C1AAEC /* Sources */ = {
			isa = PBXSourcesBuildPhase;
			buildActionMask = 2147483647;
			files = (
				CF4A052121FA86D3000BB7DA /* PianoEffectIndicatorsView.swift in Sources */,
				CF20864721FA43EF007BECDC /* PianoEffectControl.swift in Sources */,
				DAF51E6D21AE034800C1AAEC /* ViewController.swift in Sources */,
				CF4A051F21FA85EE000BB7DA /* PianoSliderView.swift in Sources */,
				DAF51E7321AE054600C1AAEC /* UIColor+RGB.swift in Sources */,
				DAF51E6F21AE034800C1AAEC /* PianoKeyView.swift in Sources */,
				CF20864921FA56EA007BECDC /* UIView+Layout.swift in Sources */,
				DAF51E7A21AE099500C1AAEC /* AVAudioSession+Swift.m in Sources */,
				DAF51E7021AE034800C1AAEC /* PianoView.swift in Sources */,
				DAF51E5321AE02E300C1AAEC /* AppDelegate.swift in Sources */,
			);
			runOnlyForDeploymentPostprocessing = 0;
		};
/* End PBXSourcesBuildPhase section */

/* Begin PBXVariantGroup section */
		DAF51E5621AE02E300C1AAEC /* Main.storyboard */ = {
			isa = PBXVariantGroup;
			children = (
				DAF51E5721AE02E300C1AAEC /* Base */,
			);
			name = Main.storyboard;
			sourceTree = "<group>";
		};
		DAF51E5B21AE02E400C1AAEC /* LaunchScreen.storyboard */ = {
			isa = PBXVariantGroup;
			children = (
				DAF51E5C21AE02E400C1AAEC /* Base */,
			);
			name = LaunchScreen.storyboard;
			sourceTree = "<group>";
		};
/* End PBXVariantGroup section */

/* Begin XCBuildConfiguration section */
		DAF51E5F21AE02E400C1AAEC /* Debug */ = {
			isa = XCBuildConfiguration;
			buildSettings = {
				ALWAYS_SEARCH_USER_PATHS = NO;
				CLANG_ANALYZER_NONNULL = YES;
				CLANG_ANALYZER_NUMBER_OBJECT_CONVERSION = YES_AGGRESSIVE;
				CLANG_CXX_LANGUAGE_STANDARD = "gnu++14";
				CLANG_CXX_LIBRARY = "libc++";
				CLANG_ENABLE_MODULES = YES;
				CLANG_ENABLE_OBJC_ARC = YES;
				CLANG_ENABLE_OBJC_WEAK = YES;
				CLANG_WARN_BLOCK_CAPTURE_AUTORELEASING = YES;
				CLANG_WARN_BOOL_CONVERSION = YES;
				CLANG_WARN_COMMA = YES;
				CLANG_WARN_CONSTANT_CONVERSION = YES;
				CLANG_WARN_DEPRECATED_OBJC_IMPLEMENTATIONS = YES;
				CLANG_WARN_DIRECT_OBJC_ISA_USAGE = YES_ERROR;
				CLANG_WARN_DOCUMENTATION_COMMENTS = YES;
				CLANG_WARN_EMPTY_BODY = YES;
				CLANG_WARN_ENUM_CONVERSION = YES;
				CLANG_WARN_INFINITE_RECURSION = YES;
				CLANG_WARN_INT_CONVERSION = YES;
				CLANG_WARN_NON_LITERAL_NULL_CONVERSION = YES;
				CLANG_WARN_OBJC_IMPLICIT_RETAIN_SELF = YES;
				CLANG_WARN_OBJC_LITERAL_CONVERSION = YES;
				CLANG_WARN_OBJC_ROOT_CLASS = YES_ERROR;
				CLANG_WARN_RANGE_LOOP_ANALYSIS = YES;
				CLANG_WARN_STRICT_PROTOTYPES = YES;
				CLANG_WARN_SUSPICIOUS_MOVE = YES;
				CLANG_WARN_UNGUARDED_AVAILABILITY = YES_AGGRESSIVE;
				CLANG_WARN_UNREACHABLE_CODE = YES;
				CLANG_WARN__DUPLICATE_METHOD_MATCH = YES;
				CODE_SIGN_IDENTITY = "iPhone Developer";
				COPY_PHASE_STRIP = NO;
				DEBUG_INFORMATION_FORMAT = dwarf;
				ENABLE_STRICT_OBJC_MSGSEND = YES;
				ENABLE_TESTABILITY = YES;
				GCC_C_LANGUAGE_STANDARD = gnu11;
				GCC_DYNAMIC_NO_PIC = NO;
				GCC_NO_COMMON_BLOCKS = YES;
				GCC_OPTIMIZATION_LEVEL = 0;
				GCC_PREPROCESSOR_DEFINITIONS = (
					"DEBUG=1",
					"$(inherited)",
				);
				GCC_WARN_64_TO_32_BIT_CONVERSION = YES;
				GCC_WARN_ABOUT_RETURN_TYPE = YES_ERROR;
				GCC_WARN_UNDECLARED_SELECTOR = YES;
				GCC_WARN_UNINITIALIZED_AUTOS = YES_AGGRESSIVE;
				GCC_WARN_UNUSED_FUNCTION = YES;
				GCC_WARN_UNUSED_VARIABLE = YES;
				IPHONEOS_DEPLOYMENT_TARGET = 12.1;
				MTL_ENABLE_DEBUG_INFO = INCLUDE_SOURCE;
				MTL_FAST_MATH = YES;
				ONLY_ACTIVE_ARCH = YES;
				SDKROOT = iphoneos;
				SWIFT_ACTIVE_COMPILATION_CONDITIONS = DEBUG;
				SWIFT_OPTIMIZATION_LEVEL = "-Onone";
			};
			name = Debug;
		};
		DAF51E6021AE02E400C1AAEC /* Release */ = {
			isa = XCBuildConfiguration;
			buildSettings = {
				ALWAYS_SEARCH_USER_PATHS = NO;
				CLANG_ANALYZER_NONNULL = YES;
				CLANG_ANALYZER_NUMBER_OBJECT_CONVERSION = YES_AGGRESSIVE;
				CLANG_CXX_LANGUAGE_STANDARD = "gnu++14";
				CLANG_CXX_LIBRARY = "libc++";
				CLANG_ENABLE_MODULES = YES;
				CLANG_ENABLE_OBJC_ARC = YES;
				CLANG_ENABLE_OBJC_WEAK = YES;
				CLANG_WARN_BLOCK_CAPTURE_AUTORELEASING = YES;
				CLANG_WARN_BOOL_CONVERSION = YES;
				CLANG_WARN_COMMA = YES;
				CLANG_WARN_CONSTANT_CONVERSION = YES;
				CLANG_WARN_DEPRECATED_OBJC_IMPLEMENTATIONS = YES;
				CLANG_WARN_DIRECT_OBJC_ISA_USAGE = YES_ERROR;
				CLANG_WARN_DOCUMENTATION_COMMENTS = YES;
				CLANG_WARN_EMPTY_BODY = YES;
				CLANG_WARN_ENUM_CONVERSION = YES;
				CLANG_WARN_INFINITE_RECURSION = YES;
				CLANG_WARN_INT_CONVERSION = YES;
				CLANG_WARN_NON_LITERAL_NULL_CONVERSION = YES;
				CLANG_WARN_OBJC_IMPLICIT_RETAIN_SELF = YES;
				CLANG_WARN_OBJC_LITERAL_CONVERSION = YES;
				CLANG_WARN_OBJC_ROOT_CLASS = YES_ERROR;
				CLANG_WARN_RANGE_LOOP_ANALYSIS = YES;
				CLANG_WARN_STRICT_PROTOTYPES = YES;
				CLANG_WARN_SUSPICIOUS_MOVE = YES;
				CLANG_WARN_UNGUARDED_AVAILABILITY = YES_AGGRESSIVE;
				CLANG_WARN_UNREACHABLE_CODE = YES;
				CLANG_WARN__DUPLICATE_METHOD_MATCH = YES;
				CODE_SIGN_IDENTITY = "iPhone Developer";
				COPY_PHASE_STRIP = NO;
				DEBUG_INFORMATION_FORMAT = "dwarf-with-dsym";
				ENABLE_NS_ASSERTIONS = NO;
				ENABLE_STRICT_OBJC_MSGSEND = YES;
				GCC_C_LANGUAGE_STANDARD = gnu11;
				GCC_NO_COMMON_BLOCKS = YES;
				GCC_WARN_64_TO_32_BIT_CONVERSION = YES;
				GCC_WARN_ABOUT_RETURN_TYPE = YES_ERROR;
				GCC_WARN_UNDECLARED_SELECTOR = YES;
				GCC_WARN_UNINITIALIZED_AUTOS = YES_AGGRESSIVE;
				GCC_WARN_UNUSED_FUNCTION = YES;
				GCC_WARN_UNUSED_VARIABLE = YES;
				IPHONEOS_DEPLOYMENT_TARGET = 12.1;
				MTL_ENABLE_DEBUG_INFO = NO;
				MTL_FAST_MATH = YES;
				SDKROOT = iphoneos;
				SWIFT_COMPILATION_MODE = wholemodule;
				SWIFT_OPTIMIZATION_LEVEL = "-O";
				VALIDATE_PRODUCT = YES;
			};
			name = Release;
		};
		DAF51E6221AE02E400C1AAEC /* Debug */ = {
			isa = XCBuildConfiguration;
			buildSettings = {
				ASSETCATALOG_COMPILER_APPICON_NAME = AppIcon;
				CLANG_ENABLE_MODULES = YES;
				CODE_SIGN_STYLE = Automatic;
				DEVELOPMENT_TEAM = 2KM44359R3;
				INFOPLIST_FILE = Piano/Resources/Info.plist;
				IPHONEOS_DEPLOYMENT_TARGET = 9.3;
				LD_RUNPATH_SEARCH_PATHS = (
					"$(inherited)",
					"@executable_path/Frameworks",
				);
				PRODUCT_BUNDLE_IDENTIFIER = io.github.vadymmarkov.Piano;
				PRODUCT_NAME = "$(TARGET_NAME)";
				SWIFT_OBJC_BRIDGING_HEADER = "Piano/Sources/Piano-Bridging-Header.h";
				SWIFT_OPTIMIZATION_LEVEL = "-Onone";
				SWIFT_VERSION = 4.2;
				TARGETED_DEVICE_FAMILY = 1;
			};
			name = Debug;
		};
		DAF51E6321AE02E400C1AAEC /* Release */ = {
			isa = XCBuildConfiguration;
			buildSettings = {
				ASSETCATALOG_COMPILER_APPICON_NAME = AppIcon;
				CLANG_ENABLE_MODULES = YES;
				CODE_SIGN_STYLE = Automatic;
				DEVELOPMENT_TEAM = 2KM44359R3;
				INFOPLIST_FILE = Piano/Resources/Info.plist;
				IPHONEOS_DEPLOYMENT_TARGET = 9.3;
				LD_RUNPATH_SEARCH_PATHS = (
					"$(inherited)",
					"@executable_path/Frameworks",
				);
				PRODUCT_BUNDLE_IDENTIFIER = io.github.vadymmarkov.Piano;
				PRODUCT_NAME = "$(TARGET_NAME)";
				SWIFT_OBJC_BRIDGING_HEADER = "Piano/Sources/Piano-Bridging-Header.h";
				SWIFT_VERSION = 4.2;
				TARGETED_DEVICE_FAMILY = 1;
			};
			name = Release;
		};
/* End XCBuildConfiguration section */

/* Begin XCConfigurationList section */
		DAF51E4A21AE02E300C1AAEC /* Build configuration list for PBXProject "Piano" */ = {
			isa = XCConfigurationList;
			buildConfigurations = (
				DAF51E5F21AE02E400C1AAEC /* Debug */,
				DAF51E6021AE02E400C1AAEC /* Release */,
			);
			defaultConfigurationIsVisible = 0;
			defaultConfigurationName = Release;
		};
		DAF51E6121AE02E400C1AAEC /* Build configuration list for PBXNativeTarget "Piano" */ = {
			isa = XCConfigurationList;
			buildConfigurations = (
				DAF51E6221AE02E400C1AAEC /* Debug */,
				DAF51E6321AE02E400C1AAEC /* Release */,
			);
			defaultConfigurationIsVisible = 0;
			defaultConfigurationName = Release;
		};
/* End XCConfigurationList section */
	};
	rootObject = DAF51E4721AE02E300C1AAEC /* Project object */;
}
